
Microsoft Visual Studio Solution File, Format Version 12.00
# Visual Studio Version 17
VisualStudioVersion = 17.10.35201.131
MinimumVisualStudioVersion = 10.0.40219.1
Project("{9A19103F-16F7-4668-BE54-9A1E7A4F7556}") = "GamesClub", "Guia7\GamesClub.csproj", "{17F54322-2F11-4DBE-A1F6-C708BAA32E54}"
EndProject
Global
	GlobalSection(SolutionConfigurationPlatforms) = preSolution
		Debug|Any CPU = Debug|Any CPU
		Release|Any CPU = Release|Any CPU
	EndGlobalSection
	GlobalSection(ProjectConfigurationPlatforms) = postSolution
		{17F54322-2F11-4DBE-A1F6-C708BAA32E54}.Debug|Any CPU.ActiveCfg = Debug|Any CPU
		{17F54322-2F11-4DBE-A1F6-C708BAA32E54}.Debug|Any CPU.Build.0 = Debug|Any CPU
		{17F54322-2F11-4DBE-A1F6-C708BAA32E54}.Release|Any CPU.ActiveCfg = Release|Any CPU
		{17F54322-2F11-4DBE-A1F6-C708BAA32E54}.Release|Any CPU.Build.0 = Release|Any CPU
	EndGlobalSection
	GlobalSection(SolutionProperties) = preSolution
		HideSolutionNode = FALSE
	EndGlobalSection
	GlobalSection(ExtensibilityGlobals) = postSolution
		SolutionGuid = {E49D5402-ABC3-4E7A-94F3-DD0EC0F6FC6F}
	EndGlobalSection
EndGlobal
